// !$*UTF8*$!
{
	archiveVersion = 1;
	classes = {
	};
	objectVersion = 48;
	objects = {

/* Begin PBXBuildFile section */
		77006CE8212A85F20047FCC3 /* NewsModelResponse.swift in Sources */ = {isa = PBXBuildFile; fileRef = 77006CE7212A85F10047FCC3 /* NewsModelResponse.swift */; };
		77006CEA212A89230047FCC3 /* NewsViewController.swift in Sources */ = {isa = PBXBuildFile; fileRef = 77006CE9212A89230047FCC3 /* NewsViewController.swift */; };
		770B101C212CF09900B08D4E /* FeedBackViewModel.swift in Sources */ = {isa = PBXBuildFile; fileRef = 770B101B212CF09900B08D4E /* FeedBackViewModel.swift */; };
		770B101E212CF13600B08D4E /* FeedBackViewController.swift in Sources */ = {isa = PBXBuildFile; fileRef = 770B101D212CF13600B08D4E /* FeedBackViewController.swift */; };
		77155ADD212A8F6600312076 /* NewsCell.swift in Sources */ = {isa = PBXBuildFile; fileRef = 77155ADC212A8F6600312076 /* NewsCell.swift */; };
		77155AE1212A92AB00312076 /* NewsCell.xib in Resources */ = {isa = PBXBuildFile; fileRef = 77155AE0212A92AB00312076 /* NewsCell.xib */; };
		77155AE7212A953F00312076 /* DetailNewsViewController.swift in Sources */ = {isa = PBXBuildFile; fileRef = 77155AE6212A953F00312076 /* DetailNewsViewController.swift */; };
		77155AE9212A968600312076 /* DetailViewModel.swift in Sources */ = {isa = PBXBuildFile; fileRef = 77155AE8212A968600312076 /* DetailViewModel.swift */; };
		77155AEB212AA1D400312076 /* ShopViewController.swift in Sources */ = {isa = PBXBuildFile; fileRef = 77155AEA212AA1D400312076 /* ShopViewController.swift */; };
		77155AED212AA42300312076 /* News+TableView.swift in Sources */ = {isa = PBXBuildFile; fileRef = 77155AEC212AA42300312076 /* News+TableView.swift */; };
		77155AEF212AA44A00312076 /* Shop+TableView.swift in Sources */ = {isa = PBXBuildFile; fileRef = 77155AEE212AA44A00312076 /* Shop+TableView.swift */; };
		77155AF1212AA49200312076 /* Shop+LocationManager.swift in Sources */ = {isa = PBXBuildFile; fileRef = 77155AF0212AA49200312076 /* Shop+LocationManager.swift */; };
		77155AF3212AA4DE00312076 /* ShopViewModel.swift in Sources */ = {isa = PBXBuildFile; fileRef = 77155AF2212AA4DE00312076 /* ShopViewModel.swift */; };
		77155AF5212AA58D00312076 /* Extention.swift in Sources */ = {isa = PBXBuildFile; fileRef = 77155AF4212AA58D00312076 /* Extention.swift */; };
		77155AF7212AA66D00312076 /* ShopCell.swift in Sources */ = {isa = PBXBuildFile; fileRef = 77155AF6212AA66D00312076 /* ShopCell.swift */; };
		77155AFA212AA87200312076 /* ShopCell.xib in Resources */ = {isa = PBXBuildFile; fileRef = 77155AF9212AA87200312076 /* ShopCell.xib */; };
		77155B00212AB31C00312076 /* SuccessModel.swift in Sources */ = {isa = PBXBuildFile; fileRef = 77155AFF212AB31C00312076 /* SuccessModel.swift */; };
		77155B02212AB36200312076 /* ProfileViewModel.swift in Sources */ = {isa = PBXBuildFile; fileRef = 77155B01212AB36200312076 /* ProfileViewModel.swift */; };
		77155B04212AB58000312076 /* ProfileViewController.swift in Sources */ = {isa = PBXBuildFile; fileRef = 77155B03212AB58000312076 /* ProfileViewController.swift */; };
		77155B06212AB95E00312076 /* Profile+TextField.swift in Sources */ = {isa = PBXBuildFile; fileRef = 77155B05212AB95E00312076 /* Profile+TextField.swift */; };
		77155B08212ABAA300312076 /* TokenModel.swift in Sources */ = {isa = PBXBuildFile; fileRef = 77155B07212ABAA300312076 /* TokenModel.swift */; };
		77155B11212AC1B700312076 /* UserModel.swift in Sources */ = {isa = PBXBuildFile; fileRef = 77155B10212AC1B700312076 /* UserModel.swift */; };
		77155B13212AC3D900312076 /* UserViewModel.swift in Sources */ = {isa = PBXBuildFile; fileRef = 77155B12212AC3D900312076 /* UserViewModel.swift */; };
		77155B15212AC43500312076 /* UserModelResponse.swift in Sources */ = {isa = PBXBuildFile; fileRef = 77155B14212AC43500312076 /* UserModelResponse.swift */; };
		77155B17212AC5BD00312076 /* UserViewController.swift in Sources */ = {isa = PBXBuildFile; fileRef = 77155B16212AC5BD00312076 /* UserViewController.swift */; };
		7730689F212E7A4A00C14EF9 /* CustomTabBarViewController.swift in Sources */ = {isa = PBXBuildFile; fileRef = 7730689E212E7A4A00C14EF9 /* CustomTabBarViewController.swift */; };
		77E2AFC5212133F5007E22D2 /* AppDelegate.swift in Sources */ = {isa = PBXBuildFile; fileRef = 77E2AFC4212133F5007E22D2 /* AppDelegate.swift */; };
		77E2AFCA212133F5007E22D2 /* Main.storyboard in Resources */ = {isa = PBXBuildFile; fileRef = 77E2AFC8212133F5007E22D2 /* Main.storyboard */; };
		77E2AFCD212133F5007E22D2 /* SheneProject.xcdatamodeld in Sources */ = {isa = PBXBuildFile; fileRef = 77E2AFCB212133F5007E22D2 /* SheneProject.xcdatamodeld */; };
		77E2AFCF212133F5007E22D2 /* Assets.xcassets in Resources */ = {isa = PBXBuildFile; fileRef = 77E2AFCE212133F5007E22D2 /* Assets.xcassets */; };
		77E2AFD2212133F5007E22D2 /* LaunchScreen.storyboard in Resources */ = {isa = PBXBuildFile; fileRef = 77E2AFD0212133F5007E22D2 /* LaunchScreen.storyboard */; };
		77E2AFDA212134FE007E22D2 /* NewsModel.swift in Sources */ = {isa = PBXBuildFile; fileRef = 77E2AFD9212134FE007E22D2 /* NewsModel.swift */; };
		77FD797A212E4CB300C8EEAF /* BonusCardModel.swift in Sources */ = {isa = PBXBuildFile; fileRef = 77FD7979212E4CB300C8EEAF /* BonusCardModel.swift */; };
		77FD797C212E4D9000C8EEAF /* DiscountCardModel.swift in Sources */ = {isa = PBXBuildFile; fileRef = 77FD797B212E4D9000C8EEAF /* DiscountCardModel.swift */; };
		77FD797F212E605400C8EEAF /* Enums.swift in Sources */ = {isa = PBXBuildFile; fileRef = 77FD797E212E605400C8EEAF /* Enums.swift */; };
		77FD7981212E61F400C8EEAF /* User+TextFields.swift in Sources */ = {isa = PBXBuildFile; fileRef = 77FD7980212E61F400C8EEAF /* User+TextFields.swift */; };
		77FECF7C212B9D79000B18E3 /* NewsCellViewModel.swift in Sources */ = {isa = PBXBuildFile; fileRef = 77FECF7B212B9D79000B18E3 /* NewsCellViewModel.swift */; };
		77FECF7E212BA029000B18E3 /* ShopCellViewModel.swift in Sources */ = {isa = PBXBuildFile; fileRef = 77FECF7D212BA029000B18E3 /* ShopCellViewModel.swift */; };
		77FECF80212BB2CB000B18E3 /* PersonalInfoViewController.swift in Sources */ = {isa = PBXBuildFile; fileRef = 77FECF7F212BB2CB000B18E3 /* PersonalInfoViewController.swift */; };
		77FECF82212BBA89000B18E3 /* PersonalInfoModel.swift in Sources */ = {isa = PBXBuildFile; fileRef = 77FECF81212BBA89000B18E3 /* PersonalInfoModel.swift */; };
		77FECF84212BBCEE000B18E3 /* PersonalInfoModeResponse.swift in Sources */ = {isa = PBXBuildFile; fileRef = 77FECF83212BBCEE000B18E3 /* PersonalInfoModeResponse.swift */; };
		77FECF86212BBE50000B18E3 /* PesonalInfoViewModel.swift in Sources */ = {isa = PBXBuildFile; fileRef = 77FECF85212BBE50000B18E3 /* PesonalInfoViewModel.swift */; };
		77FF5BB121252EC800D0E81F /* APIClientManager.swift in Sources */ = {isa = PBXBuildFile; fileRef = 77FF5BB021252EC800D0E81F /* APIClientManager.swift */; };
		77FF922621255618002A942C /* NewsViewModel.swift in Sources */ = {isa = PBXBuildFile; fileRef = 77FF922521255618002A942C /* NewsViewModel.swift */; };
		77FF922A2125615F002A942C /* ShopModelResponse.swift in Sources */ = {isa = PBXBuildFile; fileRef = 77FF92292125615F002A942C /* ShopModelResponse.swift */; };
		77FF922C212561A9002A942C /* ShopModel.swift in Sources */ = {isa = PBXBuildFile; fileRef = 77FF922B212561A9002A942C /* ShopModel.swift */; };
		77FF922E2125629E002A942C /* APISelected.swift in Sources */ = {isa = PBXBuildFile; fileRef = 77FF922D2125629E002A942C /* APISelected.swift */; };
		F319DA4F4564D7C1027628CE /* Pods_SheneProject.framework in Frameworks */ = {isa = PBXBuildFile; fileRef = 5465F8D87F062B8000C0A620 /* Pods_SheneProject.framework */; };
/* End PBXBuildFile section */

/* Begin PBXFileReference section */
		5465F8D87F062B8000C0A620 /* Pods_SheneProject.framework */ = {isa = PBXFileReference; explicitFileType = wrapper.framework; includeInIndex = 0; path = Pods_SheneProject.framework; sourceTree = BUILT_PRODUCTS_DIR; };
		77006CE7212A85F10047FCC3 /* NewsModelResponse.swift */ = {isa = PBXFileReference; fileEncoding = 4; lastKnownFileType = sourcecode.swift; path = NewsModelResponse.swift; sourceTree = "<group>"; };
		77006CE9212A89230047FCC3 /* NewsViewController.swift */ = {isa = PBXFileReference; lastKnownFileType = sourcecode.swift; path = NewsViewController.swift; sourceTree = "<group>"; };
		770B101B212CF09900B08D4E /* FeedBackViewModel.swift */ = {isa = PBXFileReference; lastKnownFileType = sourcecode.swift; path = FeedBackViewModel.swift; sourceTree = "<group>"; };
		770B101D212CF13600B08D4E /* FeedBackViewController.swift */ = {isa = PBXFileReference; lastKnownFileType = sourcecode.swift; path = FeedBackViewController.swift; sourceTree = "<group>"; };
		77155ADC212A8F6600312076 /* NewsCell.swift */ = {isa = PBXFileReference; lastKnownFileType = sourcecode.swift; path = NewsCell.swift; sourceTree = "<group>"; };
		77155AE0212A92AB00312076 /* NewsCell.xib */ = {isa = PBXFileReference; lastKnownFileType = file.xib; path = NewsCell.xib; sourceTree = "<group>"; };
		77155AE6212A953F00312076 /* DetailNewsViewController.swift */ = {isa = PBXFileReference; lastKnownFileType = sourcecode.swift; path = DetailNewsViewController.swift; sourceTree = "<group>"; };
		77155AE8212A968600312076 /* DetailViewModel.swift */ = {isa = PBXFileReference; lastKnownFileType = sourcecode.swift; path = DetailViewModel.swift; sourceTree = "<group>"; };
		77155AEA212AA1D400312076 /* ShopViewController.swift */ = {isa = PBXFileReference; lastKnownFileType = sourcecode.swift; path = ShopViewController.swift; sourceTree = "<group>"; };
		77155AEC212AA42300312076 /* News+TableView.swift */ = {isa = PBXFileReference; lastKnownFileType = sourcecode.swift; path = "News+TableView.swift"; sourceTree = "<group>"; };
		77155AEE212AA44A00312076 /* Shop+TableView.swift */ = {isa = PBXFileReference; lastKnownFileType = sourcecode.swift; path = "Shop+TableView.swift"; sourceTree = "<group>"; };
		77155AF0212AA49200312076 /* Shop+LocationManager.swift */ = {isa = PBXFileReference; lastKnownFileType = sourcecode.swift; path = "Shop+LocationManager.swift"; sourceTree = "<group>"; };
		77155AF2212AA4DE00312076 /* ShopViewModel.swift */ = {isa = PBXFileReference; lastKnownFileType = sourcecode.swift; path = ShopViewModel.swift; sourceTree = "<group>"; };
		77155AF4212AA58D00312076 /* Extention.swift */ = {isa = PBXFileReference; fileEncoding = 4; lastKnownFileType = sourcecode.swift; path = Extention.swift; sourceTree = "<group>"; };
		77155AF6212AA66D00312076 /* ShopCell.swift */ = {isa = PBXFileReference; lastKnownFileType = sourcecode.swift; path = ShopCell.swift; sourceTree = "<group>"; };
		77155AF9212AA87200312076 /* ShopCell.xib */ = {isa = PBXFileReference; lastKnownFileType = file.xib; path = ShopCell.xib; sourceTree = "<group>"; };
		77155AFF212AB31C00312076 /* SuccessModel.swift */ = {isa = PBXFileReference; lastKnownFileType = sourcecode.swift; path = SuccessModel.swift; sourceTree = "<group>"; };
		77155B01212AB36200312076 /* ProfileViewModel.swift */ = {isa = PBXFileReference; lastKnownFileType = sourcecode.swift; path = ProfileViewModel.swift; sourceTree = "<group>"; };
		77155B03212AB58000312076 /* ProfileViewController.swift */ = {isa = PBXFileReference; lastKnownFileType = sourcecode.swift; path = ProfileViewController.swift; sourceTree = "<group>"; };
		77155B05212AB95E00312076 /* Profile+TextField.swift */ = {isa = PBXFileReference; lastKnownFileType = sourcecode.swift; path = "Profile+TextField.swift"; sourceTree = "<group>"; };
		77155B07212ABAA300312076 /* TokenModel.swift */ = {isa = PBXFileReference; lastKnownFileType = sourcecode.swift; path = TokenModel.swift; sourceTree = "<group>"; };
		77155B10212AC1B700312076 /* UserModel.swift */ = {isa = PBXFileReference; lastKnownFileType = sourcecode.swift; path = UserModel.swift; sourceTree = "<group>"; };
		77155B12212AC3D900312076 /* UserViewModel.swift */ = {isa = PBXFileReference; lastKnownFileType = sourcecode.swift; path = UserViewModel.swift; sourceTree = "<group>"; };
		77155B14212AC43500312076 /* UserModelResponse.swift */ = {isa = PBXFileReference; lastKnownFileType = sourcecode.swift; path = UserModelResponse.swift; sourceTree = "<group>"; };
		77155B16212AC5BD00312076 /* UserViewController.swift */ = {isa = PBXFileReference; lastKnownFileType = sourcecode.swift; path = UserViewController.swift; sourceTree = "<group>"; };
		7730689E212E7A4A00C14EF9 /* CustomTabBarViewController.swift */ = {isa = PBXFileReference; lastKnownFileType = sourcecode.swift; path = CustomTabBarViewController.swift; sourceTree = "<group>"; };
		77E2AFC1212133F5007E22D2 /* SheneProject.app */ = {isa = PBXFileReference; explicitFileType = wrapper.application; includeInIndex = 0; path = SheneProject.app; sourceTree = BUILT_PRODUCTS_DIR; };
		77E2AFC4212133F5007E22D2 /* AppDelegate.swift */ = {isa = PBXFileReference; lastKnownFileType = sourcecode.swift; path = AppDelegate.swift; sourceTree = "<group>"; };
		77E2AFC9212133F5007E22D2 /* Base */ = {isa = PBXFileReference; lastKnownFileType = file.storyboard; name = Base; path = Base.lproj/Main.storyboard; sourceTree = "<group>"; };
		77E2AFCC212133F5007E22D2 /* SheneProject.xcdatamodel */ = {isa = PBXFileReference; lastKnownFileType = wrapper.xcdatamodel; path = SheneProject.xcdatamodel; sourceTree = "<group>"; };
		77E2AFCE212133F5007E22D2 /* Assets.xcassets */ = {isa = PBXFileReference; lastKnownFileType = folder.assetcatalog; path = Assets.xcassets; sourceTree = "<group>"; };
		77E2AFD1212133F5007E22D2 /* Base */ = {isa = PBXFileReference; lastKnownFileType = file.storyboard; name = Base; path = Base.lproj/LaunchScreen.storyboard; sourceTree = "<group>"; };
		77E2AFD3212133F5007E22D2 /* Info.plist */ = {isa = PBXFileReference; lastKnownFileType = text.plist.xml; path = Info.plist; sourceTree = "<group>"; };
		77E2AFD9212134FE007E22D2 /* NewsModel.swift */ = {isa = PBXFileReference; lastKnownFileType = sourcecode.swift; path = NewsModel.swift; sourceTree = "<group>"; };
		77FD7979212E4CB300C8EEAF /* BonusCardModel.swift */ = {isa = PBXFileReference; lastKnownFileType = sourcecode.swift; path = BonusCardModel.swift; sourceTree = "<group>"; };
		77FD797B212E4D9000C8EEAF /* DiscountCardModel.swift */ = {isa = PBXFileReference; lastKnownFileType = sourcecode.swift; path = DiscountCardModel.swift; sourceTree = "<group>"; };
		77FD797E212E605400C8EEAF /* Enums.swift */ = {isa = PBXFileReference; lastKnownFileType = sourcecode.swift; path = Enums.swift; sourceTree = "<group>"; };
		77FD7980212E61F400C8EEAF /* User+TextFields.swift */ = {isa = PBXFileReference; lastKnownFileType = sourcecode.swift; path = "User+TextFields.swift"; sourceTree = "<group>"; };
		77FECF7B212B9D79000B18E3 /* NewsCellViewModel.swift */ = {isa = PBXFileReference; lastKnownFileType = sourcecode.swift; path = NewsCellViewModel.swift; sourceTree = "<group>"; };
		77FECF7D212BA029000B18E3 /* ShopCellViewModel.swift */ = {isa = PBXFileReference; lastKnownFileType = sourcecode.swift; path = ShopCellViewModel.swift; sourceTree = "<group>"; };
		77FECF7F212BB2CB000B18E3 /* PersonalInfoViewController.swift */ = {isa = PBXFileReference; lastKnownFileType = sourcecode.swift; path = PersonalInfoViewController.swift; sourceTree = "<group>"; };
		77FECF81212BBA89000B18E3 /* PersonalInfoModel.swift */ = {isa = PBXFileReference; lastKnownFileType = sourcecode.swift; path = PersonalInfoModel.swift; sourceTree = "<group>"; };
		77FECF83212BBCEE000B18E3 /* PersonalInfoModeResponse.swift */ = {isa = PBXFileReference; lastKnownFileType = sourcecode.swift; path = PersonalInfoModeResponse.swift; sourceTree = "<group>"; };
		77FECF85212BBE50000B18E3 /* PesonalInfoViewModel.swift */ = {isa = PBXFileReference; lastKnownFileType = sourcecode.swift; path = PesonalInfoViewModel.swift; sourceTree = "<group>"; };
		77FF5BB021252EC800D0E81F /* APIClientManager.swift */ = {isa = PBXFileReference; lastKnownFileType = sourcecode.swift; path = APIClientManager.swift; sourceTree = "<group>"; };
		77FF922521255618002A942C /* NewsViewModel.swift */ = {isa = PBXFileReference; lastKnownFileType = sourcecode.swift; path = NewsViewModel.swift; sourceTree = "<group>"; };
		77FF92292125615F002A942C /* ShopModelResponse.swift */ = {isa = PBXFileReference; lastKnownFileType = sourcecode.swift; path = ShopModelResponse.swift; sourceTree = "<group>"; };
		77FF922B212561A9002A942C /* ShopModel.swift */ = {isa = PBXFileReference; lastKnownFileType = sourcecode.swift; path = ShopModel.swift; sourceTree = "<group>"; };
		77FF922D2125629E002A942C /* APISelected.swift */ = {isa = PBXFileReference; lastKnownFileType = sourcecode.swift; path = APISelected.swift; sourceTree = "<group>"; };
		B47CF8E67221537D574B2F0F /* Pods-SheneProject.debug.xcconfig */ = {isa = PBXFileReference; includeInIndex = 1; lastKnownFileType = text.xcconfig; name = "Pods-SheneProject.debug.xcconfig"; path = "Pods/Target Support Files/Pods-SheneProject/Pods-SheneProject.debug.xcconfig"; sourceTree = "<group>"; };
		CDA1C990931E2DB6C27BCACF /* Pods-SheneProject.release.xcconfig */ = {isa = PBXFileReference; includeInIndex = 1; lastKnownFileType = text.xcconfig; name = "Pods-SheneProject.release.xcconfig"; path = "Pods/Target Support Files/Pods-SheneProject/Pods-SheneProject.release.xcconfig"; sourceTree = "<group>"; };
/* End PBXFileReference section */

/* Begin PBXFrameworksBuildPhase section */
		77E2AFBE212133F5007E22D2 /* Frameworks */ = {
			isa = PBXFrameworksBuildPhase;
			buildActionMask = 2147483647;
			files = (
				F319DA4F4564D7C1027628CE /* Pods_SheneProject.framework in Frameworks */,
			);
			runOnlyForDeploymentPostprocessing = 0;
		};
/* End PBXFrameworksBuildPhase section */

/* Begin PBXGroup section */
		1127D445AD7BCA3626508504 /* Pods */ = {
			isa = PBXGroup;
			children = (
				B47CF8E67221537D574B2F0F /* Pods-SheneProject.debug.xcconfig */,
				CDA1C990931E2DB6C27BCACF /* Pods-SheneProject.release.xcconfig */,
			);
			name = Pods;
			sourceTree = "<group>";
		};
		624102C167937C3D2F7940E2 /* Frameworks */ = {
			isa = PBXGroup;
			children = (
				5465F8D87F062B8000C0A620 /* Pods_SheneProject.framework */,
			);
			name = Frameworks;
			sourceTree = "<group>";
		};
		770B101F212CFDB200B08D4E /* FeedBack */ = {
			isa = PBXGroup;
			children = (
				770B1020212CFDC800B08D4E /* ViewModel */,
				770B1021212CFDD200B08D4E /* View */,
			);
			path = FeedBack;
			sourceTree = "<group>";
		};
		770B1020212CFDC800B08D4E /* ViewModel */ = {
			isa = PBXGroup;
			children = (
				770B101B212CF09900B08D4E /* FeedBackViewModel.swift */,
			);
			path = ViewModel;
			sourceTree = "<group>";
		};
		770B1021212CFDD200B08D4E /* View */ = {
			isa = PBXGroup;
			children = (
				770B1022212CFDDA00B08D4E /* Controller */,
			);
			path = View;
			sourceTree = "<group>";
		};
		770B1022212CFDDA00B08D4E /* Controller */ = {
			isa = PBXGroup;
			children = (
				770B101D212CF13600B08D4E /* FeedBackViewController.swift */,
			);
			path = Controller;
			sourceTree = "<group>";
		};
		77155ADB212A8EB300312076 /* News */ = {
			isa = PBXGroup;
			children = (
				77155AE2212A93A200312076 /* Model */,
				77155AE3212A93B700312076 /* View */,
				77155AE4212A93C000312076 /* ViewModel */,
			);
			path = News;
			sourceTree = "<group>";
		};
		77155AE2212A93A200312076 /* Model */ = {
			isa = PBXGroup;
			children = (
				77E2AFD9212134FE007E22D2 /* NewsModel.swift */,
				77006CE7212A85F10047FCC3 /* NewsModelResponse.swift */,
			);
			path = Model;
			sourceTree = "<group>";
		};
		77155AE3212A93B700312076 /* View */ = {
			isa = PBXGroup;
			children = (
				77155AE5212A93CF00312076 /* Controller */,
				77155AE0212A92AB00312076 /* NewsCell.xib */,
				77155ADC212A8F6600312076 /* NewsCell.swift */,
			);
			path = View;
			sourceTree = "<group>";
		};
		77155AE4212A93C000312076 /* ViewModel */ = {
			isa = PBXGroup;
			children = (
				77FF922521255618002A942C /* NewsViewModel.swift */,
				77FECF7B212B9D79000B18E3 /* NewsCellViewModel.swift */,
				77155AE8212A968600312076 /* DetailViewModel.swift */,
			);
			path = ViewModel;
			sourceTree = "<group>";
		};
		77155AE5212A93CF00312076 /* Controller */ = {
			isa = PBXGroup;
			children = (
				77006CE9212A89230047FCC3 /* NewsViewController.swift */,
				77155AEC212AA42300312076 /* News+TableView.swift */,
				77155AE6212A953F00312076 /* DetailNewsViewController.swift */,
			);
			path = Controller;
			sourceTree = "<group>";
		};
		77155AF8212AA6DE00312076 /* Shop */ = {
			isa = PBXGroup;
			children = (
				77155AFB212AB1F600312076 /* Model */,
				77155AFC212AB20800312076 /* View */,
				77155AFD212AB21300312076 /* ViewModel */,
			);
			path = Shop;
			sourceTree = "<group>";
		};
		77155AFB212AB1F600312076 /* Model */ = {
			isa = PBXGroup;
			children = (
				77FF92292125615F002A942C /* ShopModelResponse.swift */,
				77FF922B212561A9002A942C /* ShopModel.swift */,
			);
			path = Model;
			sourceTree = "<group>";
		};
		77155AFC212AB20800312076 /* View */ = {
			isa = PBXGroup;
			children = (
				77155AFE212AB22200312076 /* Controllers */,
				77155AF6212AA66D00312076 /* ShopCell.swift */,
				77155AF9212AA87200312076 /* ShopCell.xib */,
			);
			path = View;
			sourceTree = "<group>";
		};
		77155AFD212AB21300312076 /* ViewModel */ = {
			isa = PBXGroup;
			children = (
				77155AF2212AA4DE00312076 /* ShopViewModel.swift */,
				77FECF7D212BA029000B18E3 /* ShopCellViewModel.swift */,
			);
			path = ViewModel;
			sourceTree = "<group>";
		};
		77155AFE212AB22200312076 /* Controllers */ = {
			isa = PBXGroup;
			children = (
				77155AEA212AA1D400312076 /* ShopViewController.swift */,
				77155AEE212AA44A00312076 /* Shop+TableView.swift */,
				77155AF0212AA49200312076 /* Shop+LocationManager.swift */,
			);
			path = Controllers;
			sourceTree = "<group>";
		};
		77155B0B212AC10300312076 /* Profile */ = {
			isa = PBXGroup;
			children = (
				77155B0D212AC14900312076 /* View */,
				77155B0C212AC13E00312076 /* Model */,
				77155B0F212AC16400312076 /* ViewModel */,
				77FECF87212BFC60000B18E3 /* PersonalInfo */,
				770B101F212CFDB200B08D4E /* FeedBack */,
			);
			path = Profile;
			sourceTree = "<group>";
		};
		77155B0C212AC13E00312076 /* Model */ = {
			isa = PBXGroup;
			children = (
				77155B07212ABAA300312076 /* TokenModel.swift */,
				77155AFF212AB31C00312076 /* SuccessModel.swift */,
				77155B10212AC1B700312076 /* UserModel.swift */,
				77155B14212AC43500312076 /* UserModelResponse.swift */,
				77FD7979212E4CB300C8EEAF /* BonusCardModel.swift */,
				77FD797B212E4D9000C8EEAF /* DiscountCardModel.swift */,
			);
			path = Model;
			sourceTree = "<group>";
		};
		77155B0D212AC14900312076 /* View */ = {
			isa = PBXGroup;
			children = (
				77155B0E212AC15500312076 /* Controllers */,
			);
			path = View;
			sourceTree = "<group>";
		};
		77155B0E212AC15500312076 /* Controllers */ = {
			isa = PBXGroup;
			children = (
				77155B03212AB58000312076 /* ProfileViewController.swift */,
				77155B16212AC5BD00312076 /* UserViewController.swift */,
				77FD7980212E61F400C8EEAF /* User+TextFields.swift */,
				77155B05212AB95E00312076 /* Profile+TextField.swift */,
			);
			path = Controllers;
			sourceTree = "<group>";
		};
		77155B0F212AC16400312076 /* ViewModel */ = {
			isa = PBXGroup;
			children = (
				77155B01212AB36200312076 /* ProfileViewModel.swift */,
				77155B12212AC3D900312076 /* UserViewModel.swift */,
			);
			path = ViewModel;
			sourceTree = "<group>";
		};
		77E2AFB8212133F5007E22D2 = {
			isa = PBXGroup;
			children = (
				77E2AFC3212133F5007E22D2 /* SheneProject */,
				77E2AFC2212133F5007E22D2 /* Products */,
				1127D445AD7BCA3626508504 /* Pods */,
				624102C167937C3D2F7940E2 /* Frameworks */,
			);
			sourceTree = "<group>";
		};
		77E2AFC2212133F5007E22D2 /* Products */ = {
			isa = PBXGroup;
			children = (
				77E2AFC1212133F5007E22D2 /* SheneProject.app */,
			);
			name = Products;
			sourceTree = "<group>";
		};
		77E2AFC3212133F5007E22D2 /* SheneProject */ = {
			isa = PBXGroup;
			children = (
				77155AF4212AA58D00312076 /* Extention.swift */,
				77FD797E212E605400C8EEAF /* Enums.swift */,
				7730689E212E7A4A00C14EF9 /* CustomTabBarViewController.swift */,
				77E2AFC4212133F5007E22D2 /* AppDelegate.swift */,
				77155B0B212AC10300312076 /* Profile */,
				77155AF8212AA6DE00312076 /* Shop */,
				77155ADB212A8EB300312076 /* News */,
				77FD797D212E5BA900C8EEAF /* HTTPTools */,
				77E2AFC8212133F5007E22D2 /* Main.storyboard */,
				77E2AFCE212133F5007E22D2 /* Assets.xcassets */,
				77E2AFD0212133F5007E22D2 /* LaunchScreen.storyboard */,
				77E2AFD3212133F5007E22D2 /* Info.plist */,
				77E2AFCB212133F5007E22D2 /* SheneProject.xcdatamodeld */,
			);
			path = SheneProject;
			sourceTree = "<group>";
		};
		77FD797D212E5BA900C8EEAF /* HTTPTools */ = {
			isa = PBXGroup;
			children = (
				77FF5BB021252EC800D0E81F /* APIClientManager.swift */,
				77FF922D2125629E002A942C /* APISelected.swift */,
			);
			path = HTTPTools;
			sourceTree = "<group>";
		};
		77FECF87212BFC60000B18E3 /* PersonalInfo */ = {
			isa = PBXGroup;
			children = (
				77FECF8A212BFC8E000B18E3 /* View */,
				77FECF88212BFC78000B18E3 /* Model */,
				77FECF89212BFC86000B18E3 /* ViewModel */,
			);
			path = PersonalInfo;
			sourceTree = "<group>";
		};
		77FECF88212BFC78000B18E3 /* Model */ = {
			isa = PBXGroup;
			children = (
				77FECF83212BBCEE000B18E3 /* PersonalInfoModeResponse.swift */,
				77FECF81212BBA89000B18E3 /* PersonalInfoModel.swift */,
			);
			path = Model;
			sourceTree = "<group>";
		};
		77FECF89212BFC86000B18E3 /* ViewModel */ = {
			isa = PBXGroup;
			children = (
				77FECF85212BBE50000B18E3 /* PesonalInfoViewModel.swift */,
			);
			path = ViewModel;
			sourceTree = "<group>";
		};
		77FECF8A212BFC8E000B18E3 /* View */ = {
			isa = PBXGroup;
			children = (
				77FECF8B212BFC97000B18E3 /* Controllers */,
			);
			path = View;
			sourceTree = "<group>";
		};
		77FECF8B212BFC97000B18E3 /* Controllers */ = {
			isa = PBXGroup;
			children = (
				77FECF7F212BB2CB000B18E3 /* PersonalInfoViewController.swift */,
			);
			path = Controllers;
			sourceTree = "<group>";
		};
/* End PBXGroup section */

/* Begin PBXNativeTarget section */
		77E2AFC0212133F5007E22D2 /* SheneProject */ = {
			isa = PBXNativeTarget;
			buildConfigurationList = 77E2AFD6212133F5007E22D2 /* Build configuration list for PBXNativeTarget "SheneProject" */;
			buildPhases = (
				AC801C7BD0C7ECA5DC481CAC /* [CP] Check Pods Manifest.lock */,
				77E2AFBD212133F5007E22D2 /* Sources */,
				77E2AFBE212133F5007E22D2 /* Frameworks */,
				77E2AFBF212133F5007E22D2 /* Resources */,
				A580D9E138020D601BEA8ED4 /* [CP] Embed Pods Frameworks */,
				1E388574180E05303C4F5EBC /* [CP] Copy Pods Resources */,
			);
			buildRules = (
			);
			dependencies = (
			);
			name = SheneProject;
			productName = SheneProject;
			productReference = 77E2AFC1212133F5007E22D2 /* SheneProject.app */;
			productType = "com.apple.product-type.application";
		};
/* End PBXNativeTarget section */

/* Begin PBXProject section */
		77E2AFB9212133F5007E22D2 /* Project object */ = {
			isa = PBXProject;
			attributes = {
				LastSwiftUpdateCheck = 0920;
				LastUpgradeCheck = 0920;
				ORGANIZATIONNAME = pavelburdukovskii;
				TargetAttributes = {
					77E2AFC0212133F5007E22D2 = {
						CreatedOnToolsVersion = 9.2;
						ProvisioningStyle = Automatic;
					};
				};
			};
			buildConfigurationList = 77E2AFBC212133F5007E22D2 /* Build configuration list for PBXProject "SheneProject" */;
			compatibilityVersion = "Xcode 8.0";
			developmentRegion = en;
			hasScannedForEncodings = 0;
			knownRegions = (
				en,
				Base,
			);
			mainGroup = 77E2AFB8212133F5007E22D2;
			productRefGroup = 77E2AFC2212133F5007E22D2 /* Products */;
			projectDirPath = "";
			projectRoot = "";
			targets = (
				77E2AFC0212133F5007E22D2 /* SheneProject */,
			);
		};
/* End PBXProject section */

/* Begin PBXResourcesBuildPhase section */
		77E2AFBF212133F5007E22D2 /* Resources */ = {
			isa = PBXResourcesBuildPhase;
			buildActionMask = 2147483647;
			files = (
				77E2AFD2212133F5007E22D2 /* LaunchScreen.storyboard in Resources */,
				77E2AFCF212133F5007E22D2 /* Assets.xcassets in Resources */,
				77155AE1212A92AB00312076 /* NewsCell.xib in Resources */,
				77155AFA212AA87200312076 /* ShopCell.xib in Resources */,
				77E2AFCA212133F5007E22D2 /* Main.storyboard in Resources */,
			);
			runOnlyForDeploymentPostprocessing = 0;
		};
/* End PBXResourcesBuildPhase section */

/* Begin PBXShellScriptBuildPhase section */
		1E388574180E05303C4F5EBC /* [CP] Copy Pods Resources */ = {
			isa = PBXShellScriptBuildPhase;
			buildActionMask = 2147483647;
			files = (
			);
			inputPaths = (
				"${SRCROOT}/Pods/Target Support Files/Pods-SheneProject/Pods-SheneProject-resources.sh",
				"${PODS_ROOT}/GoogleMaps/Maps/Frameworks/GoogleMaps.framework/Resources/GoogleMaps.bundle",
			);
			name = "[CP] Copy Pods Resources";
			outputPaths = (
				"${TARGET_BUILD_DIR}/${UNLOCALIZED_RESOURCES_FOLDER_PATH}/GoogleMaps.bundle",
			);
			runOnlyForDeploymentPostprocessing = 0;
			shellPath = /bin/sh;
			shellScript = "\"${SRCROOT}/Pods/Target Support Files/Pods-SheneProject/Pods-SheneProject-resources.sh\"\n";
			showEnvVarsInLog = 0;
		};
		A580D9E138020D601BEA8ED4 /* [CP] Embed Pods Frameworks */ = {
			isa = PBXShellScriptBuildPhase;
			buildActionMask = 2147483647;
			files = (
			);
			inputPaths = (
				"${SRCROOT}/Pods/Target Support Files/Pods-SheneProject/Pods-SheneProject-frameworks.sh",
				"${BUILT_PRODUCTS_DIR}/Alamofire/Alamofire.framework",
				"${BUILT_PRODUCTS_DIR}/AlamofireObjectMapper/AlamofireObjectMapper.framework",
				"${BUILT_PRODUCTS_DIR}/ObjectMapper/ObjectMapper.framework",
				"${BUILT_PRODUCTS_DIR}/SDWebImage/SDWebImage.framework",
			);
			name = "[CP] Embed Pods Frameworks";
			outputPaths = (
				"${TARGET_BUILD_DIR}/${FRAMEWORKS_FOLDER_PATH}/Alamofire.framework",
				"${TARGET_BUILD_DIR}/${FRAMEWORKS_FOLDER_PATH}/AlamofireObjectMapper.framework",
				"${TARGET_BUILD_DIR}/${FRAMEWORKS_FOLDER_PATH}/ObjectMapper.framework",
				"${TARGET_BUILD_DIR}/${FRAMEWORKS_FOLDER_PATH}/SDWebImage.framework",
			);
			runOnlyForDeploymentPostprocessing = 0;
			shellPath = /bin/sh;
			shellScript = "\"${SRCROOT}/Pods/Target Support Files/Pods-SheneProject/Pods-SheneProject-frameworks.sh\"\n";
			showEnvVarsInLog = 0;
		};
		AC801C7BD0C7ECA5DC481CAC /* [CP] Check Pods Manifest.lock */ = {
			isa = PBXShellScriptBuildPhase;
			buildActionMask = 2147483647;
			files = (
			);
			inputPaths = (
				"${PODS_PODFILE_DIR_PATH}/Podfile.lock",
				"${PODS_ROOT}/Manifest.lock",
			);
			name = "[CP] Check Pods Manifest.lock";
			outputPaths = (
				"$(DERIVED_FILE_DIR)/Pods-SheneProject-checkManifestLockResult.txt",
			);
			runOnlyForDeploymentPostprocessing = 0;
			shellPath = /bin/sh;
			shellScript = "diff \"${PODS_PODFILE_DIR_PATH}/Podfile.lock\" \"${PODS_ROOT}/Manifest.lock\" > /dev/null\nif [ $? != 0 ] ; then\n    # print error to STDERR\n    echo \"error: The sandbox is not in sync with the Podfile.lock. Run 'pod install' or update your CocoaPods installation.\" >&2\n    exit 1\nfi\n# This output is used by Xcode 'outputs' to avoid re-running this script phase.\necho \"SUCCESS\" > \"${SCRIPT_OUTPUT_FILE_0}\"\n";
			showEnvVarsInLog = 0;
		};
/* End PBXShellScriptBuildPhase section */

/* Begin PBXSourcesBuildPhase section */
		77E2AFBD212133F5007E22D2 /* Sources */ = {
			isa = PBXSourcesBuildPhase;
			buildActionMask = 2147483647;
			files = (
				77FF5BB121252EC800D0E81F /* APIClientManager.swift in Sources */,
				77155AF1212AA49200312076 /* Shop+LocationManager.swift in Sources */,
				77155B11212AC1B700312076 /* UserModel.swift in Sources */,
				77155B02212AB36200312076 /* ProfileViewModel.swift in Sources */,
				77FECF80212BB2CB000B18E3 /* PersonalInfoViewController.swift in Sources */,
				77006CE8212A85F20047FCC3 /* NewsModelResponse.swift in Sources */,
				77155AED212AA42300312076 /* News+TableView.swift in Sources */,
				77155AEB212AA1D400312076 /* ShopViewController.swift in Sources */,
				77006CEA212A89230047FCC3 /* NewsViewController.swift in Sources */,
				77155B08212ABAA300312076 /* TokenModel.swift in Sources */,
				77FF922621255618002A942C /* NewsViewModel.swift in Sources */,
				77155B04212AB58000312076 /* ProfileViewController.swift in Sources */,
				77155B13212AC3D900312076 /* UserViewModel.swift in Sources */,
				77155AF7212AA66D00312076 /* ShopCell.swift in Sources */,
				77FF922C212561A9002A942C /* ShopModel.swift in Sources */,
				770B101C212CF09900B08D4E /* FeedBackViewModel.swift in Sources */,
				77FECF86212BBE50000B18E3 /* PesonalInfoViewModel.swift in Sources */,
				77155AE7212A953F00312076 /* DetailNewsViewController.swift in Sources */,
				77155B17212AC5BD00312076 /* UserViewController.swift in Sources */,
				77FECF84212BBCEE000B18E3 /* PersonalInfoModeResponse.swift in Sources */,
				77155AEF212AA44A00312076 /* Shop+TableView.swift in Sources */,
				77FF922A2125615F002A942C /* ShopModelResponse.swift in Sources */,
				77FD797F212E605400C8EEAF /* Enums.swift in Sources */,
				77E2AFDA212134FE007E22D2 /* NewsModel.swift in Sources */,
				77FF922E2125629E002A942C /* APISelected.swift in Sources */,
				77155B15212AC43500312076 /* UserModelResponse.swift in Sources */,
				77FD797A212E4CB300C8EEAF /* BonusCardModel.swift in Sources */,
				77E2AFCD212133F5007E22D2 /* SheneProject.xcdatamodeld in Sources */,
				77FD797C212E4D9000C8EEAF /* DiscountCardModel.swift in Sources */,
				77155ADD212A8F6600312076 /* NewsCell.swift in Sources */,
				77FECF7E212BA029000B18E3 /* ShopCellViewModel.swift in Sources */,
				77E2AFC5212133F5007E22D2 /* AppDelegate.swift in Sources */,
				77FECF7C212B9D79000B18E3 /* NewsCellViewModel.swift in Sources */,
				77155AE9212A968600312076 /* DetailViewModel.swift in Sources */,
				77155AF5212AA58D00312076 /* Extention.swift in Sources */,
				77155AF3212AA4DE00312076 /* ShopViewModel.swift in Sources */,
				77FECF82212BBA89000B18E3 /* PersonalInfoModel.swift in Sources */,
				7730689F212E7A4A00C14EF9 /* CustomTabBarViewController.swift in Sources */,
				77155B06212AB95E00312076 /* Profile+TextField.swift in Sources */,
				77FD7981212E61F400C8EEAF /* User+TextFields.swift in Sources */,
				77155B00212AB31C00312076 /* SuccessModel.swift in Sources */,
				770B101E212CF13600B08D4E /* FeedBackViewController.swift in Sources */,
			);
			runOnlyForDeploymentPostprocessing = 0;
		};
/* End PBXSourcesBuildPhase section */

/* Begin PBXVariantGroup section */
		77E2AFC8212133F5007E22D2 /* Main.storyboard */ = {
			isa = PBXVariantGroup;
			children = (
				77E2AFC9212133F5007E22D2 /* Base */,
			);
			name = Main.storyboard;
			sourceTree = "<group>";
		};
		77E2AFD0212133F5007E22D2 /* LaunchScreen.storyboard */ = {
			isa = PBXVariantGroup;
			children = (
				77E2AFD1212133F5007E22D2 /* Base */,
			);
			name = LaunchScreen.storyboard;
			sourceTree = "<group>";
		};
/* End PBXVariantGroup section */

/* Begin XCBuildConfiguration section */
		77E2AFD4212133F5007E22D2 /* Debug */ = {
			isa = XCBuildConfiguration;
			buildSettings = {
				ALWAYS_SEARCH_USER_PATHS = NO;
				CLANG_ANALYZER_NONNULL = YES;
				CLANG_ANALYZER_NUMBER_OBJECT_CONVERSION = YES_AGGRESSIVE;
				CLANG_CXX_LANGUAGE_STANDARD = "gnu++14";
				CLANG_CXX_LIBRARY = "libc++";
				CLANG_ENABLE_MODULES = YES;
				CLANG_ENABLE_OBJC_ARC = YES;
				CLANG_WARN_BLOCK_CAPTURE_AUTORELEASING = YES;
				CLANG_WARN_BOOL_CONVERSION = YES;
				CLANG_WARN_COMMA = YES;
				CLANG_WARN_CONSTANT_CONVERSION = YES;
				CLANG_WARN_DIRECT_OBJC_ISA_USAGE = YES_ERROR;
				CLANG_WARN_DOCUMENTATION_COMMENTS = YES;
				CLANG_WARN_EMPTY_BODY = YES;
				CLANG_WARN_ENUM_CONVERSION = YES;
				CLANG_WARN_INFINITE_RECURSION = YES;
				CLANG_WARN_INT_CONVERSION = YES;
				CLANG_WARN_NON_LITERAL_NULL_CONVERSION = YES;
				CLANG_WARN_OBJC_LITERAL_CONVERSION = YES;
				CLANG_WARN_OBJC_ROOT_CLASS = YES_ERROR;
				CLANG_WARN_RANGE_LOOP_ANALYSIS = YES;
				CLANG_WARN_STRICT_PROTOTYPES = YES;
				CLANG_WARN_SUSPICIOUS_MOVE = YES;
				CLANG_WARN_UNGUARDED_AVAILABILITY = YES_AGGRESSIVE;
				CLANG_WARN_UNREACHABLE_CODE = YES;
				CLANG_WARN__DUPLICATE_METHOD_MATCH = YES;
				CODE_SIGN_IDENTITY = "iPhone Developer";
				COPY_PHASE_STRIP = NO;
				DEBUG_INFORMATION_FORMAT = dwarf;
				ENABLE_STRICT_OBJC_MSGSEND = YES;
				ENABLE_TESTABILITY = YES;
				GCC_C_LANGUAGE_STANDARD = gnu11;
				GCC_DYNAMIC_NO_PIC = NO;
				GCC_NO_COMMON_BLOCKS = YES;
				GCC_OPTIMIZATION_LEVEL = 0;
				GCC_PREPROCESSOR_DEFINITIONS = (
					"DEBUG=1",
					"$(inherited)",
				);
				GCC_WARN_64_TO_32_BIT_CONVERSION = YES;
				GCC_WARN_ABOUT_RETURN_TYPE = YES_ERROR;
				GCC_WARN_UNDECLARED_SELECTOR = YES;
				GCC_WARN_UNINITIALIZED_AUTOS = YES_AGGRESSIVE;
				GCC_WARN_UNUSED_FUNCTION = YES;
				GCC_WARN_UNUSED_VARIABLE = YES;
				IPHONEOS_DEPLOYMENT_TARGET = 11.2;
				MTL_ENABLE_DEBUG_INFO = YES;
				ONLY_ACTIVE_ARCH = YES;
				SDKROOT = iphoneos;
				SWIFT_ACTIVE_COMPILATION_CONDITIONS = DEBUG;
				SWIFT_OPTIMIZATION_LEVEL = "-Onone";
			};
			name = Debug;
		};
		77E2AFD5212133F5007E22D2 /* Release */ = {
			isa = XCBuildConfiguration;
			buildSettings = {
				ALWAYS_SEARCH_USER_PATHS = NO;
				CLANG_ANALYZER_NONNULL = YES;
				CLANG_ANALYZER_NUMBER_OBJECT_CONVERSION = YES_AGGRESSIVE;
				CLANG_CXX_LANGUAGE_STANDARD = "gnu++14";
				CLANG_CXX_LIBRARY = "libc++";
				CLANG_ENABLE_MODULES = YES;
				CLANG_ENABLE_OBJC_ARC = YES;
				CLANG_WARN_BLOCK_CAPTURE_AUTORELEASING = YES;
				CLANG_WARN_BOOL_CONVERSION = YES;
				CLANG_WARN_COMMA = YES;
				CLANG_WARN_CONSTANT_CONVERSION = YES;
				CLANG_WARN_DIRECT_OBJC_ISA_USAGE = YES_ERROR;
				CLANG_WARN_DOCUMENTATION_COMMENTS = YES;
				CLANG_WARN_EMPTY_BODY = YES;
				CLANG_WARN_ENUM_CONVERSION = YES;
				CLANG_WARN_INFINITE_RECURSION = YES;
				CLANG_WARN_INT_CONVERSION = YES;
				CLANG_WARN_NON_LITERAL_NULL_CONVERSION = YES;
				CLANG_WARN_OBJC_LITERAL_CONVERSION = YES;
				CLANG_WARN_OBJC_ROOT_CLASS = YES_ERROR;
				CLANG_WARN_RANGE_LOOP_ANALYSIS = YES;
				CLANG_WARN_STRICT_PROTOTYPES = YES;
				CLANG_WARN_SUSPICIOUS_MOVE = YES;
				CLANG_WARN_UNGUARDED_AVAILABILITY = YES_AGGRESSIVE;
				CLANG_WARN_UNREACHABLE_CODE = YES;
				CLANG_WARN__DUPLICATE_METHOD_MATCH = YES;
				CODE_SIGN_IDENTITY = "iPhone Developer";
				COPY_PHASE_STRIP = NO;
				DEBUG_INFORMATION_FORMAT = "dwarf-with-dsym";
				ENABLE_NS_ASSERTIONS = NO;
				ENABLE_STRICT_OBJC_MSGSEND = YES;
				GCC_C_LANGUAGE_STANDARD = gnu11;
				GCC_NO_COMMON_BLOCKS = YES;
				GCC_WARN_64_TO_32_BIT_CONVERSION = YES;
				GCC_WARN_ABOUT_RETURN_TYPE = YES_ERROR;
				GCC_WARN_UNDECLARED_SELECTOR = YES;
				GCC_WARN_UNINITIALIZED_AUTOS = YES_AGGRESSIVE;
				GCC_WARN_UNUSED_FUNCTION = YES;
				GCC_WARN_UNUSED_VARIABLE = YES;
				IPHONEOS_DEPLOYMENT_TARGET = 11.2;
				MTL_ENABLE_DEBUG_INFO = NO;
				SDKROOT = iphoneos;
				SWIFT_OPTIMIZATION_LEVEL = "-Owholemodule";
				VALIDATE_PRODUCT = YES;
			};
			name = Release;
		};
		77E2AFD7212133F5007E22D2 /* Debug */ = {
			isa = XCBuildConfiguration;
			baseConfigurationReference = B47CF8E67221537D574B2F0F /* Pods-SheneProject.debug.xcconfig */;
			buildSettings = {
				ASSETCATALOG_COMPILER_APPICON_NAME = AppIcon;
				CODE_SIGN_STYLE = Automatic;
				DEVELOPMENT_TEAM = 6R6KJ6QT78;
				INFOPLIST_FILE = SheneProject/Info.plist;
				IPHONEOS_DEPLOYMENT_TARGET = 9.0;
				LD_RUNPATH_SEARCH_PATHS = "$(inherited) @executable_path/Frameworks";
				PRODUCT_BUNDLE_IDENTIFIER = com.pavelburdukovskii.SheneProject;
				PRODUCT_NAME = "$(TARGET_NAME)";
				SWIFT_VERSION = 4.0;
				TARGETED_DEVICE_FAMILY = "1,2";
			};
			name = Debug;
		};
		77E2AFD8212133F5007E22D2 /* Release */ = {
			isa = XCBuildConfiguration;
			baseConfigurationReference = CDA1C990931E2DB6C27BCACF /* Pods-SheneProject.release.xcconfig */;
			buildSettings = {
				ASSETCATALOG_COMPILER_APPICON_NAME = AppIcon;
				CODE_SIGN_STYLE = Automatic;
				DEVELOPMENT_TEAM = 6R6KJ6QT78;
				INFOPLIST_FILE = SheneProject/Info.plist;
				IPHONEOS_DEPLOYMENT_TARGET = 9.0;
				LD_RUNPATH_SEARCH_PATHS = "$(inherited) @executable_path/Frameworks";
				PRODUCT_BUNDLE_IDENTIFIER = com.pavelburdukovskii.SheneProject;
				PRODUCT_NAME = "$(TARGET_NAME)";
				SWIFT_VERSION = 4.0;
				TARGETED_DEVICE_FAMILY = "1,2";
			};
			name = Release;
		};
/* End XCBuildConfiguration section */

/* Begin XCConfigurationList section */
		77E2AFBC212133F5007E22D2 /* Build configuration list for PBXProject "SheneProject" */ = {
			isa = XCConfigurationList;
			buildConfigurations = (
				77E2AFD4212133F5007E22D2 /* Debug */,
				77E2AFD5212133F5007E22D2 /* Release */,
			);
			defaultConfigurationIsVisible = 0;
			defaultConfigurationName = Release;
		};
		77E2AFD6212133F5007E22D2 /* Build configuration list for PBXNativeTarget "SheneProject" */ = {
			isa = XCConfigurationList;
			buildConfigurations = (
				77E2AFD7212133F5007E22D2 /* Debug */,
				77E2AFD8212133F5007E22D2 /* Release */,
			);
			defaultConfigurationIsVisible = 0;
			defaultConfigurationName = Release;
		};
/* End XCConfigurationList section */

/* Begin XCVersionGroup section */
		77E2AFCB212133F5007E22D2 /* SheneProject.xcdatamodeld */ = {
			isa = XCVersionGroup;
			children = (
				77E2AFCC212133F5007E22D2 /* SheneProject.xcdatamodel */,
			);
			currentVersion = 77E2AFCC212133F5007E22D2 /* SheneProject.xcdatamodel */;
			path = SheneProject.xcdatamodeld;
			sourceTree = "<group>";
			versionGroupType = wrapper.xcdatamodel;
		};
/* End XCVersionGroup section */
	};
	rootObject = 77E2AFB9212133F5007E22D2 /* Project object */;
}
